
Microsoft Visual Studio Solution File, Format Version 12.00
# Visual Studio Version 17
VisualStudioVersion = 17.5.33627.172
MinimumVisualStudioVersion = 10.0.40219.1
Project("{FAE04EC0-301F-11D3-BF4B-00C04F79EFBC}") = "MVVMlab", "MVVMlab\MVVMlab.csproj", "{F3FA143E-610D-4E4E-9C97-69F0E3F68D33}"
EndProject
Global
	GlobalSection(SolutionConfigurationPlatforms) = preSolution
		Debug|Any CPU = Debug|Any CPU
		Release|Any CPU = Release|Any CPU
	EndGlobalSection
	GlobalSection(ProjectConfigurationPlatforms) = postSolution
		{F3FA143E-610D-4E4E-9C97-69F0E3F68D33}.Debug|Any CPU.ActiveCfg = Debug|Any CPU
		{F3FA143E-610D-4E4E-9C97-69F0E3F68D33}.Debug|Any CPU.Build.0 = Debug|Any CPU
		{F3FA143E-610D-4E4E-9C97-69F0E3F68D33}.Release|Any CPU.ActiveCfg = Release|Any CPU
		{F3FA143E-610D-4E4E-9C97-69F0E3F68D33}.Release|Any CPU.Build.0 = Release|Any CPU
	EndGlobalSection
	GlobalSection(SolutionProperties) = preSolution
		HideSolutionNode = FALSE
	EndGlobalSection
	GlobalSection(ExtensibilityGlobals) = postSolution
		SolutionGuid = {A8A954C9-5C4B-4AB3-8539-0B8CFA04E3DF}
	EndGlobalSection
EndGlobal
